
Microsoft Visual Studio Solution File, Format Version 12.00
# Visual Studio 15
VisualStudioVersion = 15.0.28010.0
MinimumVisualStudioVersion = 10.0.40219.1
Project("{8BC9CEB8-8B4A-11D0-8D11-00A0C91BC942}") = "CSAPP", "CSAPP\CSAPP.vcxproj", "{B0E03B2C-30A3-4DAA-98A8-90D24A4AD401}"
EndProject
Project("{8BC9CEB8-8B4A-11D0-8D11-00A0C91BC942}") = "HpcLabs", "HpcLabs\HpcLabs.vcxproj", "{3E9BBD78-F7B7-46F3-8757-B64042F7E441}"
EndProject
Project("{8BC9CEB8-8B4A-11D0-8D11-00A0C91BC942}") = "Texture", "Texture\Texture.vcxproj", "{7876CF4C-4B03-4178-A76F-A3147C946116}"
EndProject
Global
	GlobalSection(SolutionConfigurationPlatforms) = preSolution
		Debug|x64 = Debug|x64
		Debug|x86 = Debug|x86
		Release|x64 = Release|x64
		Release|x86 = Release|x86
	EndGlobalSection
	GlobalSection(ProjectConfigurationPlatforms) = postSolution
		{B0E03B2C-30A3-4DAA-98A8-90D24A4AD401}.Debug|x64.ActiveCfg = Debug|x64
		{B0E03B2C-30A3-4DAA-98A8-90D24A4AD401}.Debug|x64.Build.0 = Debug|x64
		{B0E03B2C-30A3-4DAA-98A8-90D24A4AD401}.Debug|x86.ActiveCfg = Debug|Win32
		{B0E03B2C-30A3-4DAA-98A8-90D24A4AD401}.Debug|x86.Build.0 = Debug|Win32
		{B0E03B2C-30A3-4DAA-98A8-90D24A4AD401}.Release|x64.ActiveCfg = Release|x64
		{B0E03B2C-30A3-4DAA-98A8-90D24A4AD401}.Release|x64.Build.0 = Release|x64
		{B0E03B2C-30A3-4DAA-98A8-90D24A4AD401}.Release|x86.ActiveCfg = Release|Win32
		{B0E03B2C-30A3-4DAA-98A8-90D24A4AD401}.Release|x86.Build.0 = Release|Win32
		{3E9BBD78-F7B7-46F3-8757-B64042F7E441}.Debug|x64.ActiveCfg = Debug|x64
		{3E9BBD78-F7B7-46F3-8757-B64042F7E441}.Debug|x64.Build.0 = Debug|x64
		{3E9BBD78-F7B7-46F3-8757-B64042F7E441}.Debug|x86.ActiveCfg = Debug|x64
		{3E9BBD78-F7B7-46F3-8757-B64042F7E441}.Release|x64.ActiveCfg = Release|x64
		{3E9BBD78-F7B7-46F3-8757-B64042F7E441}.Release|x64.Build.0 = Release|x64
		{3E9BBD78-F7B7-46F3-8757-B64042F7E441}.Release|x86.ActiveCfg = Release|x64
		{7876CF4C-4B03-4178-A76F-A3147C946116}.Debug|x64.ActiveCfg = Debug|x64
		{7876CF4C-4B03-4178-A76F-A3147C946116}.Debug|x64.Build.0 = Debug|x64
		{7876CF4C-4B03-4178-A76F-A3147C946116}.Debug|x86.ActiveCfg = Debug|x64
		{7876CF4C-4B03-4178-A76F-A3147C946116}.Release|x64.ActiveCfg = Release|x64
		{7876CF4C-4B03-4178-A76F-A3147C946116}.Release|x64.Build.0 = Release|x64
		{7876CF4C-4B03-4178-A76F-A3147C946116}.Release|x86.ActiveCfg = Release|x64
	EndGlobalSection
	GlobalSection(SolutionProperties) = preSolution
		HideSolutionNode = FALSE
	EndGlobalSection
	GlobalSection(ExtensibilityGlobals) = postSolution
		SolutionGuid = {3E12F42E-C1A1-4BC5-AA1F-4AA9CD8ACAC0}
	EndGlobalSection
EndGlobal
