<?xml version="1.0" encoding="utf-8"?>
<Project ToolsVersion="4.0" xmlns="http://schemas.microsoft.com/developer/msbuild/2003">
  <ItemGroup>
    <CudaCompile Include="MatrixBase.h">
      <Filter>matrix</Filter>
    </CudaCompile>
    <CudaCompile Include="main.cpp" />
    <CudaCompile Include="MatrixBase.cpp">
      <Filter>matrix</Filter>
    </CudaCompile>
    <CudaCompile Include="kernel.cu">
      <Filter>kernel</Filter>
    </CudaCompile>
  </ItemGroup>
  <ItemGroup>
    <ClInclude Include="freshman.h" />
    <ClInclude Include="profiler\function.h">
      <Filter>profile</Filter>
    </ClInclude>
    <ClInclude Include="profiler\Profiler.h">
      <Filter>profile</Filter>
    </ClInclude>
    <ClInclude Include="kernel.cuh">
      <Filter>kernel</Filter>
    </ClInclude>
  </ItemGroup>
  <ItemGroup>
    <Filter Include="matrix">
      <UniqueIdentifier>{ccb713e7-4911-4c18-be22-aa75a2124b7b}</UniqueIdentifier>
    </Filter>
    <Filter Include="profile">
      <UniqueIdentifier>{1c08822b-f870-48f0-b982-35172f3d0cd3}</UniqueIdentifier>
    </Filter>
    <Filter Include="kernel">
      <UniqueIdentifier>{b671832b-ad75-42c3-8842-c6dfb71727a7}</UniqueIdentifier>
    </Filter>
  </ItemGroup>
  <ItemGroup>
    <ClCompile Include="profiler\function.cpp">
      <Filter>profile</Filter>
    </ClCompile>
    <ClCompile Include="profiler\Profiler.cpp">
      <Filter>profile</Filter>
    </ClCompile>
    <ClCompile Include="freshman.cpp" />
  </ItemGroup>
</Project>